
Microsoft Visual Studio Solution File, Format Version 12.00
# Visual Studio Version 17
VisualStudioVersion = 17.5.002.0
MinimumVisualStudioVersion = 10.0.40219.1
Project("{9A19103F-16F7-4668-BE54-9A1E7A4F7556}") = "api", "api.csproj", "{B2C22B69-B7AA-4D19-8419-20A3CEE3C7F1}"
EndProject
Global
	GlobalSection(SolutionConfigurationPlatforms) = preSolution
		Debug|Any CPU = Debug|Any CPU
		Release|Any CPU = Release|Any CPU
	EndGlobalSection
	GlobalSection(ProjectConfigurationPlatforms) = postSolution
		{B2C22B69-B7AA-4D19-8419-20A3CEE3C7F1}.Debug|Any CPU.ActiveCfg = Debug|Any CPU
		{B2C22B69-B7AA-4D19-8419-20A3CEE3C7F1}.Debug|Any CPU.Build.0 = Debug|Any CPU
		{B2C22B69-B7AA-4D19-8419-20A3CEE3C7F1}.Release|Any CPU.ActiveCfg = Release|Any CPU
		{B2C22B69-B7AA-4D19-8419-20A3CEE3C7F1}.Release|Any CPU.Build.0 = Release|Any CPU
	EndGlobalSection
	GlobalSection(SolutionProperties) = preSolution
		HideSolutionNode = FALSE
	EndGlobalSection
	GlobalSection(ExtensibilityGlobals) = postSolution
		SolutionGuid = {00B6B962-3BF1-4F51-BA3E-C0E9F4FB61FD}
	EndGlobalSection
EndGlobal
